
Microsoft Visual Studio Solution File, Format Version 12.00
# Visual Studio Version 17
VisualStudioVersion = 17.11.35327.3
MinimumVisualStudioVersion = 10.0.40219.1
Project("{8BC9CEB8-8B4A-11D0-8D11-00A0C91BC942}") = "lib_vrwalkinplace", "lib_vrwalkinplace\lib_vrwalkinplace.vcxproj", "{05AC9994-2B63-4DE5-ABF3-95CE346F3A64}"
EndProject
Project("{8BC9CEB8-8B4A-11D0-8D11-00A0C91BC942}") = "driver_vrwalkinplace", "driver_vrwalkinplace\driver_vrwalkinplace.vcxproj", "{AF6FBE95-527D-499B-9ABD-3A47E9E84C8A}"
EndProject
Project("{8BC9CEB8-8B4A-11D0-8D11-00A0C91BC942}") = "client_overlay", "client_overlay\client_overlay.vcxproj", "{33E075DB-922D-3252-976E-46B5721DC3DE}"
EndProject
Project("{2150E333-8FDC-42A3-9474-1A3956D46DE8}") = "linux", "linux", "{3D55684A-7597-409F-8B67-985DC87CCE15}"
EndProject
Project("{8BC9CEB8-8B4A-11D0-8D11-00A0C91BC942}") = "lib_vrwalkinplace_linux", "lib_vrwalkinplace\lib_vrwalkinplace_linux.vcxproj", "{0D9FB359-8B55-4F3E-9F84-C35044BE5530}"
EndProject
Project("{8BC9CEB8-8B4A-11D0-8D11-00A0C91BC942}") = "driver_vrwalkinplace_linux", "driver_vrwalkinplace\driver_vrwalkinplace_linux.vcxproj", "{83B40763-6AE7-4DB5-B90A-9D940755BBC5}"
	ProjectSection(ProjectDependencies) = postProject
		{0D9FB359-8B55-4F3E-9F84-C35044BE5530} = {0D9FB359-8B55-4F3E-9F84-C35044BE5530}
	EndProjectSection
EndProject
Project("{8BC9CEB8-8B4A-11D0-8D11-00A0C91BC942}") = "client_overlay_linux", "client_overlay\client_overlay_linux.vcxproj", "{50B93DC3-EF2E-4F7E-97CD-F27BCD89324B}"
	ProjectSection(ProjectDependencies) = postProject
		{0D9FB359-8B55-4F3E-9F84-C35044BE5530} = {0D9FB359-8B55-4F3E-9F84-C35044BE5530}
		{83B40763-6AE7-4DB5-B90A-9D940755BBC5} = {83B40763-6AE7-4DB5-B90A-9D940755BBC5}
	EndProjectSection
EndProject
Project("{2150E333-8FDC-42A3-9474-1A3956D46DE8}") = "windows", "windows", "{4285A065-AB93-488E-8C0D-FB119013ED04}"
EndProject
Global
	GlobalSection(SolutionConfigurationPlatforms) = preSolution
		Debug|ARM = Debug|ARM
		Debug|ARM64 = Debug|ARM64
		Debug|x64 = Debug|x64
		Debug|x86 = Debug|x86
		Release|ARM = Release|ARM
		Release|ARM64 = Release|ARM64
		Release|x64 = Release|x64
		Release|x86 = Release|x86
		Standalone|ARM = Standalone|ARM
		Standalone|ARM64 = Standalone|ARM64
		Standalone|x64 = Standalone|x64
		Standalone|x86 = Standalone|x86
	EndGlobalSection
	GlobalSection(ProjectConfigurationPlatforms) = postSolution
		{05AC9994-2B63-4DE5-ABF3-95CE346F3A64}.Debug|ARM.ActiveCfg = Debug|x64
		{05AC9994-2B63-4DE5-ABF3-95CE346F3A64}.Debug|ARM.Build.0 = Debug|x64
		{05AC9994-2B63-4DE5-ABF3-95CE346F3A64}.Debug|ARM64.ActiveCfg = Debug|x64
		{05AC9994-2B63-4DE5-ABF3-95CE346F3A64}.Debug|ARM64.Build.0 = Debug|x64
		{05AC9994-2B63-4DE5-ABF3-95CE346F3A64}.Debug|x64.ActiveCfg = Debug|x64
		{05AC9994-2B63-4DE5-ABF3-95CE346F3A64}.Debug|x64.Build.0 = Debug|x64
		{05AC9994-2B63-4DE5-ABF3-95CE346F3A64}.Debug|x86.ActiveCfg = Debug|Win32
		{05AC9994-2B63-4DE5-ABF3-95CE346F3A64}.Debug|x86.Build.0 = Debug|Win32
		{05AC9994-2B63-4DE5-ABF3-95CE346F3A64}.Release|ARM.ActiveCfg = Release|x64
		{05AC9994-2B63-4DE5-ABF3-95CE346F3A64}.Release|ARM.Build.0 = Release|x64
		{05AC9994-2B63-4DE5-ABF3-95CE346F3A64}.Release|ARM64.ActiveCfg = Release|x64
		{05AC9994-2B63-4DE5-ABF3-95CE346F3A64}.Release|ARM64.Build.0 = Release|x64
		{05AC9994-2B63-4DE5-ABF3-95CE346F3A64}.Release|x64.ActiveCfg = Release|x64
		{05AC9994-2B63-4DE5-ABF3-95CE346F3A64}.Release|x64.Build.0 = Release|x64
		{05AC9994-2B63-4DE5-ABF3-95CE346F3A64}.Release|x86.ActiveCfg = Release|x64
		{05AC9994-2B63-4DE5-ABF3-95CE346F3A64}.Release|x86.Build.0 = Release|x64
		{05AC9994-2B63-4DE5-ABF3-95CE346F3A64}.Standalone|ARM.ActiveCfg = Standalone|x64
		{05AC9994-2B63-4DE5-ABF3-95CE346F3A64}.Standalone|ARM.Build.0 = Standalone|x64
		{05AC9994-2B63-4DE5-ABF3-95CE346F3A64}.Standalone|ARM64.ActiveCfg = Standalone|x64
		{05AC9994-2B63-4DE5-ABF3-95CE346F3A64}.Standalone|ARM64.Build.0 = Standalone|x64
		{05AC9994-2B63-4DE5-ABF3-95CE346F3A64}.Standalone|x64.ActiveCfg = Release|x64
		{05AC9994-2B63-4DE5-ABF3-95CE346F3A64}.Standalone|x86.ActiveCfg = Standalone|Win32
		{05AC9994-2B63-4DE5-ABF3-95CE346F3A64}.Standalone|x86.Build.0 = Standalone|Win32
		{AF6FBE95-527D-499B-9ABD-3A47E9E84C8A}.Debug|ARM.ActiveCfg = Debug|x64
		{AF6FBE95-527D-499B-9ABD-3A47E9E84C8A}.Debug|ARM.Build.0 = Debug|x64
		{AF6FBE95-527D-499B-9ABD-3A47E9E84C8A}.Debug|ARM64.ActiveCfg = Debug|x64
		{AF6FBE95-527D-499B-9ABD-3A47E9E84C8A}.Debug|ARM64.Build.0 = Debug|x64
		{AF6FBE95-527D-499B-9ABD-3A47E9E84C8A}.Debug|x64.ActiveCfg = Debug|x64
		{AF6FBE95-527D-499B-9ABD-3A47E9E84C8A}.Debug|x64.Build.0 = Debug|x64
		{AF6FBE95-527D-499B-9ABD-3A47E9E84C8A}.Debug|x86.ActiveCfg = Debug|Win32
		{AF6FBE95-527D-499B-9ABD-3A47E9E84C8A}.Debug|x86.Build.0 = Debug|Win32
		{AF6FBE95-527D-499B-9ABD-3A47E9E84C8A}.Release|ARM.ActiveCfg = Release|x64
		{AF6FBE95-527D-499B-9ABD-3A47E9E84C8A}.Release|ARM.Build.0 = Release|x64
		{AF6FBE95-527D-499B-9ABD-3A47E9E84C8A}.Release|ARM64.ActiveCfg = Release|x64
		{AF6FBE95-527D-499B-9ABD-3A47E9E84C8A}.Release|ARM64.Build.0 = Release|x64
		{AF6FBE95-527D-499B-9ABD-3A47E9E84C8A}.Release|x64.ActiveCfg = Release|x64
		{AF6FBE95-527D-499B-9ABD-3A47E9E84C8A}.Release|x64.Build.0 = Release|x64
		{AF6FBE95-527D-499B-9ABD-3A47E9E84C8A}.Release|x86.ActiveCfg = Release|x64
		{AF6FBE95-527D-499B-9ABD-3A47E9E84C8A}.Release|x86.Build.0 = Release|x64
		{AF6FBE95-527D-499B-9ABD-3A47E9E84C8A}.Standalone|ARM.ActiveCfg = Standalone|x64
		{AF6FBE95-527D-499B-9ABD-3A47E9E84C8A}.Standalone|ARM.Build.0 = Standalone|x64
		{AF6FBE95-527D-499B-9ABD-3A47E9E84C8A}.Standalone|ARM64.ActiveCfg = Standalone|x64
		{AF6FBE95-527D-499B-9ABD-3A47E9E84C8A}.Standalone|ARM64.Build.0 = Standalone|x64
		{AF6FBE95-527D-499B-9ABD-3A47E9E84C8A}.Standalone|x64.ActiveCfg = Release|x64
		{AF6FBE95-527D-499B-9ABD-3A47E9E84C8A}.Standalone|x86.ActiveCfg = Standalone|Win32
		{AF6FBE95-527D-499B-9ABD-3A47E9E84C8A}.Standalone|x86.Build.0 = Standalone|Win32
		{33E075DB-922D-3252-976E-46B5721DC3DE}.Debug|ARM.ActiveCfg = Debug|x64
		{33E075DB-922D-3252-976E-46B5721DC3DE}.Debug|ARM.Build.0 = Debug|x64
		{33E075DB-922D-3252-976E-46B5721DC3DE}.Debug|ARM64.ActiveCfg = Debug|x64
		{33E075DB-922D-3252-976E-46B5721DC3DE}.Debug|ARM64.Build.0 = Debug|x64
		{33E075DB-922D-3252-976E-46B5721DC3DE}.Debug|x64.ActiveCfg = Debug|x64
		{33E075DB-922D-3252-976E-46B5721DC3DE}.Debug|x64.Build.0 = Debug|x64
		{33E075DB-922D-3252-976E-46B5721DC3DE}.Debug|x64.Deploy.0 = Debug|x64
		{33E075DB-922D-3252-976E-46B5721DC3DE}.Debug|x86.ActiveCfg = Debug|Win32
		{33E075DB-922D-3252-976E-46B5721DC3DE}.Debug|x86.Build.0 = Debug|Win32
		{33E075DB-922D-3252-976E-46B5721DC3DE}.Debug|x86.Deploy.0 = Debug|Win32
		{33E075DB-922D-3252-976E-46B5721DC3DE}.Release|ARM.ActiveCfg = Release|x64
		{33E075DB-922D-3252-976E-46B5721DC3DE}.Release|ARM.Build.0 = Release|x64
		{33E075DB-922D-3252-976E-46B5721DC3DE}.Release|ARM64.ActiveCfg = Release|x64
		{33E075DB-922D-3252-976E-46B5721DC3DE}.Release|ARM64.Build.0 = Release|x64
		{33E075DB-922D-3252-976E-46B5721DC3DE}.Release|x64.ActiveCfg = Release|x64
		{33E075DB-922D-3252-976E-46B5721DC3DE}.Release|x64.Build.0 = Release|x64
		{33E075DB-922D-3252-976E-46B5721DC3DE}.Release|x64.Deploy.0 = Release|x64
		{33E075DB-922D-3252-976E-46B5721DC3DE}.Release|x86.ActiveCfg = Release|Win32
		{33E075DB-922D-3252-976E-46B5721DC3DE}.Release|x86.Build.0 = Release|Win32
		{33E075DB-922D-3252-976E-46B5721DC3DE}.Release|x86.Deploy.0 = Release|Win32
		{33E075DB-922D-3252-976E-46B5721DC3DE}.Standalone|ARM.ActiveCfg = Release|x64
		{33E075DB-922D-3252-976E-46B5721DC3DE}.Standalone|ARM.Build.0 = Release|x64
		{33E075DB-922D-3252-976E-46B5721DC3DE}.Standalone|ARM64.ActiveCfg = Release|x64
		{33E075DB-922D-3252-976E-46B5721DC3DE}.Standalone|ARM64.Build.0 = Release|x64
		{33E075DB-922D-3252-976E-46B5721DC3DE}.Standalone|x64.ActiveCfg = Release|x64
		{33E075DB-922D-3252-976E-46B5721DC3DE}.Standalone|x86.ActiveCfg = Release|Win32
		{33E075DB-922D-3252-976E-46B5721DC3DE}.Standalone|x86.Build.0 = Release|Win32
		{33E075DB-922D-3252-976E-46B5721DC3DE}.Standalone|x86.Deploy.0 = Release|Win32
		{0D9FB359-8B55-4F3E-9F84-C35044BE5530}.Debug|ARM.ActiveCfg = Debug|ARM
		{0D9FB359-8B55-4F3E-9F84-C35044BE5530}.Debug|ARM.Build.0 = Debug|ARM
		{0D9FB359-8B55-4F3E-9F84-C35044BE5530}.Debug|ARM.Deploy.0 = Debug|ARM
		{0D9FB359-8B55-4F3E-9F84-C35044BE5530}.Debug|ARM64.ActiveCfg = Debug|ARM64
		{0D9FB359-8B55-4F3E-9F84-C35044BE5530}.Debug|ARM64.Build.0 = Debug|ARM64
		{0D9FB359-8B55-4F3E-9F84-C35044BE5530}.Debug|ARM64.Deploy.0 = Debug|ARM64
		{0D9FB359-8B55-4F3E-9F84-C35044BE5530}.Debug|x64.ActiveCfg = Debug|x64
		{0D9FB359-8B55-4F3E-9F84-C35044BE5530}.Debug|x64.Build.0 = Debug|x64
		{0D9FB359-8B55-4F3E-9F84-C35044BE5530}.Debug|x64.Deploy.0 = Debug|x64
		{0D9FB359-8B55-4F3E-9F84-C35044BE5530}.Debug|x86.ActiveCfg = Debug|x86
		{0D9FB359-8B55-4F3E-9F84-C35044BE5530}.Debug|x86.Build.0 = Debug|x86
		{0D9FB359-8B55-4F3E-9F84-C35044BE5530}.Debug|x86.Deploy.0 = Debug|x86
		{0D9FB359-8B55-4F3E-9F84-C35044BE5530}.Release|ARM.ActiveCfg = Release|ARM
		{0D9FB359-8B55-4F3E-9F84-C35044BE5530}.Release|ARM.Build.0 = Release|ARM
		{0D9FB359-8B55-4F3E-9F84-C35044BE5530}.Release|ARM.Deploy.0 = Release|ARM
		{0D9FB359-8B55-4F3E-9F84-C35044BE5530}.Release|ARM64.ActiveCfg = Release|ARM64
		{0D9FB359-8B55-4F3E-9F84-C35044BE5530}.Release|ARM64.Build.0 = Release|ARM64
		{0D9FB359-8B55-4F3E-9F84-C35044BE5530}.Release|ARM64.Deploy.0 = Release|ARM64
		{0D9FB359-8B55-4F3E-9F84-C35044BE5530}.Release|x64.ActiveCfg = Release|x64
		{0D9FB359-8B55-4F3E-9F84-C35044BE5530}.Release|x64.Build.0 = Release|x64
		{0D9FB359-8B55-4F3E-9F84-C35044BE5530}.Release|x64.Deploy.0 = Release|x64
		{0D9FB359-8B55-4F3E-9F84-C35044BE5530}.Release|x86.ActiveCfg = Release|x86
		{0D9FB359-8B55-4F3E-9F84-C35044BE5530}.Release|x86.Build.0 = Release|x86
		{0D9FB359-8B55-4F3E-9F84-C35044BE5530}.Release|x86.Deploy.0 = Release|x86
		{0D9FB359-8B55-4F3E-9F84-C35044BE5530}.Standalone|ARM.ActiveCfg = Debug|ARM
		{0D9FB359-8B55-4F3E-9F84-C35044BE5530}.Standalone|ARM.Build.0 = Debug|ARM
		{0D9FB359-8B55-4F3E-9F84-C35044BE5530}.Standalone|ARM.Deploy.0 = Debug|ARM
		{0D9FB359-8B55-4F3E-9F84-C35044BE5530}.Standalone|ARM64.ActiveCfg = Debug|ARM64
		{0D9FB359-8B55-4F3E-9F84-C35044BE5530}.Standalone|ARM64.Build.0 = Debug|ARM64
		{0D9FB359-8B55-4F3E-9F84-C35044BE5530}.Standalone|ARM64.Deploy.0 = Debug|ARM64
		{0D9FB359-8B55-4F3E-9F84-C35044BE5530}.Standalone|x64.ActiveCfg = Debug|x64
		{0D9FB359-8B55-4F3E-9F84-C35044BE5530}.Standalone|x64.Build.0 = Debug|x64
		{0D9FB359-8B55-4F3E-9F84-C35044BE5530}.Standalone|x64.Deploy.0 = Debug|x64
		{0D9FB359-8B55-4F3E-9F84-C35044BE5530}.Standalone|x86.ActiveCfg = Debug|x86
		{0D9FB359-8B55-4F3E-9F84-C35044BE5530}.Standalone|x86.Build.0 = Debug|x86
		{0D9FB359-8B55-4F3E-9F84-C35044BE5530}.Standalone|x86.Deploy.0 = Debug|x86
		{83B40763-6AE7-4DB5-B90A-9D940755BBC5}.Debug|ARM.ActiveCfg = Debug|ARM
		{83B40763-6AE7-4DB5-B90A-9D940755BBC5}.Debug|ARM.Build.0 = Debug|ARM
		{83B40763-6AE7-4DB5-B90A-9D940755BBC5}.Debug|ARM.Deploy.0 = Debug|ARM
		{83B40763-6AE7-4DB5-B90A-9D940755BBC5}.Debug|ARM64.ActiveCfg = Debug|ARM64
		{83B40763-6AE7-4DB5-B90A-9D940755BBC5}.Debug|ARM64.Build.0 = Debug|ARM64
		{83B40763-6AE7-4DB5-B90A-9D940755BBC5}.Debug|ARM64.Deploy.0 = Debug|ARM64
		{83B40763-6AE7-4DB5-B90A-9D940755BBC5}.Debug|x64.ActiveCfg = Debug|x64
		{83B40763-6AE7-4DB5-B90A-9D940755BBC5}.Debug|x64.Build.0 = Debug|x64
		{83B40763-6AE7-4DB5-B90A-9D940755BBC5}.Debug|x64.Deploy.0 = Debug|x64
		{83B40763-6AE7-4DB5-B90A-9D940755BBC5}.Debug|x86.ActiveCfg = Debug|x86
		{83B40763-6AE7-4DB5-B90A-9D940755BBC5}.Debug|x86.Build.0 = Debug|x86
		{83B40763-6AE7-4DB5-B90A-9D940755BBC5}.Debug|x86.Deploy.0 = Debug|x86
		{83B40763-6AE7-4DB5-B90A-9D940755BBC5}.Release|ARM.ActiveCfg = Release|ARM
		{83B40763-6AE7-4DB5-B90A-9D940755BBC5}.Release|ARM.Build.0 = Release|ARM
		{83B40763-6AE7-4DB5-B90A-9D940755BBC5}.Release|ARM.Deploy.0 = Release|ARM
		{83B40763-6AE7-4DB5-B90A-9D940755BBC5}.Release|ARM64.ActiveCfg = Release|ARM64
		{83B40763-6AE7-4DB5-B90A-9D940755BBC5}.Release|ARM64.Build.0 = Release|ARM64
		{83B40763-6AE7-4DB5-B90A-9D940755BBC5}.Release|ARM64.Deploy.0 = Release|ARM64
		{83B40763-6AE7-4DB5-B90A-9D940755BBC5}.Release|x64.ActiveCfg = Release|x64
		{83B40763-6AE7-4DB5-B90A-9D940755BBC5}.Release|x64.Build.0 = Release|x64
		{83B40763-6AE7-4DB5-B90A-9D940755BBC5}.Release|x64.Deploy.0 = Release|x64
		{83B40763-6AE7-4DB5-B90A-9D940755BBC5}.Release|x86.ActiveCfg = Release|x86
		{83B40763-6AE7-4DB5-B90A-9D940755BBC5}.Release|x86.Build.0 = Release|x86
		{83B40763-6AE7-4DB5-B90A-9D940755BBC5}.Release|x86.Deploy.0 = Release|x86
		{83B40763-6AE7-4DB5-B90A-9D940755BBC5}.Standalone|ARM.ActiveCfg = Debug|ARM
		{83B40763-6AE7-4DB5-B90A-9D940755BBC5}.Standalone|ARM.Build.0 = Debug|ARM
		{83B40763-6AE7-4DB5-B90A-9D940755BBC5}.Standalone|ARM.Deploy.0 = Debug|ARM
		{83B40763-6AE7-4DB5-B90A-9D940755BBC5}.Standalone|ARM64.ActiveCfg = Debug|ARM64
		{83B40763-6AE7-4DB5-B90A-9D940755BBC5}.Standalone|ARM64.Build.0 = Debug|ARM64
		{83B40763-6AE7-4DB5-B90A-9D940755BBC5}.Standalone|ARM64.Deploy.0 = Debug|ARM64
		{83B40763-6AE7-4DB5-B90A-9D940755BBC5}.Standalone|x64.ActiveCfg = Debug|x64
		{83B40763-6AE7-4DB5-B90A-9D940755BBC5}.Standalone|x64.Build.0 = Debug|x64
		{83B40763-6AE7-4DB5-B90A-9D940755BBC5}.Standalone|x64.Deploy.0 = Debug|x64
		{83B40763-6AE7-4DB5-B90A-9D940755BBC5}.Standalone|x86.ActiveCfg = Debug|x86
		{83B40763-6AE7-4DB5-B90A-9D940755BBC5}.Standalone|x86.Build.0 = Debug|x86
		{83B40763-6AE7-4DB5-B90A-9D940755BBC5}.Standalone|x86.Deploy.0 = Debug|x86
		{50B93DC3-EF2E-4F7E-97CD-F27BCD89324B}.Debug|ARM.ActiveCfg = Debug|ARM
		{50B93DC3-EF2E-4F7E-97CD-F27BCD89324B}.Debug|ARM.Build.0 = Debug|ARM
		{50B93DC3-EF2E-4F7E-97CD-F27BCD89324B}.Debug|ARM.Deploy.0 = Debug|ARM
		{50B93DC3-EF2E-4F7E-97CD-F27BCD89324B}.Debug|ARM64.ActiveCfg = Debug|ARM64
		{50B93DC3-EF2E-4F7E-97CD-F27BCD89324B}.Debug|ARM64.Build.0 = Debug|ARM64
		{50B93DC3-EF2E-4F7E-97CD-F27BCD89324B}.Debug|ARM64.Deploy.0 = Debug|ARM64
		{50B93DC3-EF2E-4F7E-97CD-F27BCD89324B}.Debug|x64.ActiveCfg = Debug|x64
		{50B93DC3-EF2E-4F7E-97CD-F27BCD89324B}.Debug|x64.Build.0 = Debug|x64
		{50B93DC3-EF2E-4F7E-97CD-F27BCD89324B}.Debug|x64.Deploy.0 = Debug|x64
		{50B93DC3-EF2E-4F7E-97CD-F27BCD89324B}.Debug|x86.ActiveCfg = Debug|x86
		{50B93DC3-EF2E-4F7E-97CD-F27BCD89324B}.Debug|x86.Build.0 = Debug|x86
		{50B93DC3-EF2E-4F7E-97CD-F27BCD89324B}.Debug|x86.Deploy.0 = Debug|x86
		{50B93DC3-EF2E-4F7E-97CD-F27BCD89324B}.Release|ARM.ActiveCfg = Release|ARM
		{50B93DC3-EF2E-4F7E-97CD-F27BCD89324B}.Release|ARM.Build.0 = Release|ARM
		{50B93DC3-EF2E-4F7E-97CD-F27BCD89324B}.Release|ARM.Deploy.0 = Release|ARM
		{50B93DC3-EF2E-4F7E-97CD-F27BCD89324B}.Release|ARM64.ActiveCfg = Release|ARM64
		{50B93DC3-EF2E-4F7E-97CD-F27BCD89324B}.Release|ARM64.Build.0 = Release|ARM64
		{50B93DC3-EF2E-4F7E-97CD-F27BCD89324B}.Release|ARM64.Deploy.0 = Release|ARM64
		{50B93DC3-EF2E-4F7E-97CD-F27BCD89324B}.Release|x64.ActiveCfg = Release|x64
		{50B93DC3-EF2E-4F7E-97CD-F27BCD89324B}.Release|x64.Build.0 = Release|x64
		{50B93DC3-EF2E-4F7E-97CD-F27BCD89324B}.Release|x64.Deploy.0 = Release|x64
		{50B93DC3-EF2E-4F7E-97CD-F27BCD89324B}.Release|x86.ActiveCfg = Release|x86
		{50B93DC3-EF2E-4F7E-97CD-F27BCD89324B}.Release|x86.Build.0 = Release|x86
		{50B93DC3-EF2E-4F7E-97CD-F27BCD89324B}.Release|x86.Deploy.0 = Release|x86
		{50B93DC3-EF2E-4F7E-97CD-F27BCD89324B}.Standalone|ARM.ActiveCfg = Debug|ARM
		{50B93DC3-EF2E-4F7E-97CD-F27BCD89324B}.Standalone|ARM.Build.0 = Debug|ARM
		{50B93DC3-EF2E-4F7E-97CD-F27BCD89324B}.Standalone|ARM.Deploy.0 = Debug|ARM
		{50B93DC3-EF2E-4F7E-97CD-F27BCD89324B}.Standalone|ARM64.ActiveCfg = Debug|ARM64
		{50B93DC3-EF2E-4F7E-97CD-F27BCD89324B}.Standalone|ARM64.Build.0 = Debug|ARM64
		{50B93DC3-EF2E-4F7E-97CD-F27BCD89324B}.Standalone|ARM64.Deploy.0 = Debug|ARM64
		{50B93DC3-EF2E-4F7E-97CD-F27BCD89324B}.Standalone|x64.ActiveCfg = Debug|x64
		{50B93DC3-EF2E-4F7E-97CD-F27BCD89324B}.Standalone|x64.Build.0 = Debug|x64
		{50B93DC3-EF2E-4F7E-97CD-F27BCD89324B}.Standalone|x64.Deploy.0 = Debug|x64
		{50B93DC3-EF2E-4F7E-97CD-F27BCD89324B}.Standalone|x86.ActiveCfg = Debug|x86
		{50B93DC3-EF2E-4F7E-97CD-F27BCD89324B}.Standalone|x86.Build.0 = Debug|x86
		{50B93DC3-EF2E-4F7E-97CD-F27BCD89324B}.Standalone|x86.Deploy.0 = Debug|x86
	EndGlobalSection
	GlobalSection(SolutionProperties) = preSolution
		HideSolutionNode = FALSE
	EndGlobalSection
	GlobalSection(NestedProjects) = preSolution
		{05AC9994-2B63-4DE5-ABF3-95CE346F3A64} = {4285A065-AB93-488E-8C0D-FB119013ED04}
		{AF6FBE95-527D-499B-9ABD-3A47E9E84C8A} = {4285A065-AB93-488E-8C0D-FB119013ED04}
		{33E075DB-922D-3252-976E-46B5721DC3DE} = {4285A065-AB93-488E-8C0D-FB119013ED04}
		{0D9FB359-8B55-4F3E-9F84-C35044BE5530} = {3D55684A-7597-409F-8B67-985DC87CCE15}
		{83B40763-6AE7-4DB5-B90A-9D940755BBC5} = {3D55684A-7597-409F-8B67-985DC87CCE15}
		{50B93DC3-EF2E-4F7E-97CD-F27BCD89324B} = {3D55684A-7597-409F-8B67-985DC87CCE15}
	EndGlobalSection
	GlobalSection(ExtensibilityGlobals) = postSolution
		SolutionGuid = {7210AE39-CA30-4F30-8F55-9D682F1CF8F7}
	EndGlobalSection
EndGlobal
